
Microsoft Visual Studio Solution File, Format Version 12.00
# Visual Studio Version 17
VisualStudioVersion = 17.4.32804.182
MinimumVisualStudioVersion = 10.0.40219.1
Project("{FAE04EC0-301F-11D3-BF4B-00C04F79EFBC}") = "IleriRepository", "IleriRepository\IleriRepository.csproj", "{9447BC7F-0F87-4A56-B314-1D06856BFD89}"
EndProject
Global
	GlobalSection(SolutionConfigurationPlatforms) = preSolution
		Debug|Any CPU = Debug|Any CPU
		Release|Any CPU = Release|Any CPU
	EndGlobalSection
	GlobalSection(ProjectConfigurationPlatforms) = postSolution
		{9447BC7F-0F87-4A56-B314-1D06856BFD89}.Debug|Any CPU.ActiveCfg = Debug|Any CPU
		{9447BC7F-0F87-4A56-B314-1D06856BFD89}.Debug|Any CPU.Build.0 = Debug|Any CPU
		{9447BC7F-0F87-4A56-B314-1D06856BFD89}.Release|Any CPU.ActiveCfg = Release|Any CPU
		{9447BC7F-0F87-4A56-B314-1D06856BFD89}.Release|Any CPU.Build.0 = Release|Any CPU
	EndGlobalSection
	GlobalSection(SolutionProperties) = preSolution
		HideSolutionNode = FALSE
	EndGlobalSection
	GlobalSection(ExtensibilityGlobals) = postSolution
		SolutionGuid = {B4A6A007-5FE7-4959-973D-9F5301B5C635}
	EndGlobalSection
EndGlobal
